
Microsoft Visual Studio Solution File, Format Version 12.00
# Visual Studio 15
VisualStudioVersion = 15.0.28307.168
MinimumVisualStudioVersion = 10.0.40219.1
Project("{FAE04EC0-301F-11D3-BF4B-00C04F79EFBC}") = "PoolLabIo_App", "PoolLabIo_App\PoolLabIo_App.csproj", "{D6E8FA8B-4369-485C-99DD-75F97EC3E2FA}"
	ProjectSection(ProjectDependencies) = postProject
		{2FE0FB79-124B-4129-8BEC-DCF65CCB3900} = {2FE0FB79-124B-4129-8BEC-DCF65CCB3900}
	EndProjectSection
EndProject
Project("{FAE04EC0-301F-11D3-BF4B-00C04F79EFBC}") = "PoolLabIo_Tests", "PoolLabIo_Tests\PoolLabIo_Tests.csproj", "{B6A4C8DE-F291-4A48-85C2-2EBEB0102302}"
EndProject
Project("{FAE04EC0-301F-11D3-BF4B-00C04F79EFBC}") = "PoolLabIo", "PoolLabIo_DLL\PoolLabIo.csproj", "{2FE0FB79-124B-4129-8BEC-DCF65CCB3900}"
EndProject
Global
	GlobalSection(SolutionConfigurationPlatforms) = preSolution
		Debug|Any CPU = Debug|Any CPU
		Debug|ARM = Debug|ARM
		Debug|ARM64 = Debug|ARM64
		Debug|x64 = Debug|x64
		Debug|x86 = Debug|x86
		Release|Any CPU = Release|Any CPU
		Release|ARM = Release|ARM
		Release|ARM64 = Release|ARM64
		Release|x64 = Release|x64
		Release|x86 = Release|x86
	EndGlobalSection
	GlobalSection(ProjectConfigurationPlatforms) = postSolution
		{D6E8FA8B-4369-485C-99DD-75F97EC3E2FA}.Debug|Any CPU.ActiveCfg = Debug|x86
		{D6E8FA8B-4369-485C-99DD-75F97EC3E2FA}.Debug|Any CPU.Build.0 = Debug|x86
		{D6E8FA8B-4369-485C-99DD-75F97EC3E2FA}.Debug|ARM.ActiveCfg = Debug|ARM
		{D6E8FA8B-4369-485C-99DD-75F97EC3E2FA}.Debug|ARM.Build.0 = Debug|ARM
		{D6E8FA8B-4369-485C-99DD-75F97EC3E2FA}.Debug|ARM.Deploy.0 = Debug|ARM
		{D6E8FA8B-4369-485C-99DD-75F97EC3E2FA}.Debug|ARM64.ActiveCfg = Debug|ARM64
		{D6E8FA8B-4369-485C-99DD-75F97EC3E2FA}.Debug|ARM64.Build.0 = Debug|ARM64
		{D6E8FA8B-4369-485C-99DD-75F97EC3E2FA}.Debug|ARM64.Deploy.0 = Debug|ARM64
		{D6E8FA8B-4369-485C-99DD-75F97EC3E2FA}.Debug|x64.ActiveCfg = Debug|x64
		{D6E8FA8B-4369-485C-99DD-75F97EC3E2FA}.Debug|x64.Build.0 = Debug|x64
		{D6E8FA8B-4369-485C-99DD-75F97EC3E2FA}.Debug|x64.Deploy.0 = Debug|x64
		{D6E8FA8B-4369-485C-99DD-75F97EC3E2FA}.Debug|x86.ActiveCfg = Debug|x86
		{D6E8FA8B-4369-485C-99DD-75F97EC3E2FA}.Debug|x86.Build.0 = Debug|x86
		{D6E8FA8B-4369-485C-99DD-75F97EC3E2FA}.Debug|x86.Deploy.0 = Debug|x86
		{D6E8FA8B-4369-485C-99DD-75F97EC3E2FA}.Release|Any CPU.ActiveCfg = Release|x86
		{D6E8FA8B-4369-485C-99DD-75F97EC3E2FA}.Release|ARM.ActiveCfg = Release|ARM
		{D6E8FA8B-4369-485C-99DD-75F97EC3E2FA}.Release|ARM.Build.0 = Release|ARM
		{D6E8FA8B-4369-485C-99DD-75F97EC3E2FA}.Release|ARM.Deploy.0 = Release|ARM
		{D6E8FA8B-4369-485C-99DD-75F97EC3E2FA}.Release|ARM64.ActiveCfg = Release|ARM64
		{D6E8FA8B-4369-485C-99DD-75F97EC3E2FA}.Release|ARM64.Build.0 = Release|ARM64
		{D6E8FA8B-4369-485C-99DD-75F97EC3E2FA}.Release|ARM64.Deploy.0 = Release|ARM64
		{D6E8FA8B-4369-485C-99DD-75F97EC3E2FA}.Release|x64.ActiveCfg = Release|x64
		{D6E8FA8B-4369-485C-99DD-75F97EC3E2FA}.Release|x64.Build.0 = Release|x64
		{D6E8FA8B-4369-485C-99DD-75F97EC3E2FA}.Release|x64.Deploy.0 = Release|x64
		{D6E8FA8B-4369-485C-99DD-75F97EC3E2FA}.Release|x86.ActiveCfg = Release|x86
		{D6E8FA8B-4369-485C-99DD-75F97EC3E2FA}.Release|x86.Build.0 = Release|x86
		{D6E8FA8B-4369-485C-99DD-75F97EC3E2FA}.Release|x86.Deploy.0 = Release|x86
		{B6A4C8DE-F291-4A48-85C2-2EBEB0102302}.Debug|Any CPU.ActiveCfg = Debug|x86
		{B6A4C8DE-F291-4A48-85C2-2EBEB0102302}.Debug|Any CPU.Build.0 = Debug|x86
		{B6A4C8DE-F291-4A48-85C2-2EBEB0102302}.Debug|ARM.ActiveCfg = Debug|ARM
		{B6A4C8DE-F291-4A48-85C2-2EBEB0102302}.Debug|ARM.Build.0 = Debug|ARM
		{B6A4C8DE-F291-4A48-85C2-2EBEB0102302}.Debug|ARM.Deploy.0 = Debug|ARM
		{B6A4C8DE-F291-4A48-85C2-2EBEB0102302}.Debug|ARM64.ActiveCfg = Debug|ARM64
		{B6A4C8DE-F291-4A48-85C2-2EBEB0102302}.Debug|ARM64.Build.0 = Debug|ARM64
		{B6A4C8DE-F291-4A48-85C2-2EBEB0102302}.Debug|ARM64.Deploy.0 = Debug|ARM64
		{B6A4C8DE-F291-4A48-85C2-2EBEB0102302}.Debug|x64.ActiveCfg = Debug|x64
		{B6A4C8DE-F291-4A48-85C2-2EBEB0102302}.Debug|x64.Build.0 = Debug|x64
		{B6A4C8DE-F291-4A48-85C2-2EBEB0102302}.Debug|x64.Deploy.0 = Debug|x64
		{B6A4C8DE-F291-4A48-85C2-2EBEB0102302}.Debug|x86.ActiveCfg = Debug|x86
		{B6A4C8DE-F291-4A48-85C2-2EBEB0102302}.Debug|x86.Build.0 = Debug|x86
		{B6A4C8DE-F291-4A48-85C2-2EBEB0102302}.Debug|x86.Deploy.0 = Debug|x86
		{B6A4C8DE-F291-4A48-85C2-2EBEB0102302}.Release|Any CPU.ActiveCfg = Release|x86
		{B6A4C8DE-F291-4A48-85C2-2EBEB0102302}.Release|ARM.ActiveCfg = Release|ARM
		{B6A4C8DE-F291-4A48-85C2-2EBEB0102302}.Release|ARM.Build.0 = Release|ARM
		{B6A4C8DE-F291-4A48-85C2-2EBEB0102302}.Release|ARM.Deploy.0 = Release|ARM
		{B6A4C8DE-F291-4A48-85C2-2EBEB0102302}.Release|ARM64.ActiveCfg = Release|ARM64
		{B6A4C8DE-F291-4A48-85C2-2EBEB0102302}.Release|ARM64.Build.0 = Release|ARM64
		{B6A4C8DE-F291-4A48-85C2-2EBEB0102302}.Release|ARM64.Deploy.0 = Release|ARM64
		{B6A4C8DE-F291-4A48-85C2-2EBEB0102302}.Release|x64.ActiveCfg = Release|x64
		{B6A4C8DE-F291-4A48-85C2-2EBEB0102302}.Release|x64.Build.0 = Release|x64
		{B6A4C8DE-F291-4A48-85C2-2EBEB0102302}.Release|x64.Deploy.0 = Release|x64
		{B6A4C8DE-F291-4A48-85C2-2EBEB0102302}.Release|x86.ActiveCfg = Release|x86
		{B6A4C8DE-F291-4A48-85C2-2EBEB0102302}.Release|x86.Build.0 = Release|x86
		{B6A4C8DE-F291-4A48-85C2-2EBEB0102302}.Release|x86.Deploy.0 = Release|x86
		{2FE0FB79-124B-4129-8BEC-DCF65CCB3900}.Debug|Any CPU.ActiveCfg = Debug|x86
		{2FE0FB79-124B-4129-8BEC-DCF65CCB3900}.Debug|Any CPU.Build.0 = Debug|x86
		{2FE0FB79-124B-4129-8BEC-DCF65CCB3900}.Debug|ARM.ActiveCfg = Debug|ARM
		{2FE0FB79-124B-4129-8BEC-DCF65CCB3900}.Debug|ARM.Build.0 = Debug|ARM
		{2FE0FB79-124B-4129-8BEC-DCF65CCB3900}.Debug|ARM64.ActiveCfg = Debug|ARM64
		{2FE0FB79-124B-4129-8BEC-DCF65CCB3900}.Debug|ARM64.Build.0 = Debug|ARM64
		{2FE0FB79-124B-4129-8BEC-DCF65CCB3900}.Debug|x64.ActiveCfg = Debug|x64
		{2FE0FB79-124B-4129-8BEC-DCF65CCB3900}.Debug|x64.Build.0 = Debug|x64
		{2FE0FB79-124B-4129-8BEC-DCF65CCB3900}.Debug|x86.ActiveCfg = Debug|x86
		{2FE0FB79-124B-4129-8BEC-DCF65CCB3900}.Debug|x86.Build.0 = Debug|x86
		{2FE0FB79-124B-4129-8BEC-DCF65CCB3900}.Release|Any CPU.ActiveCfg = Release|Any CPU
		{2FE0FB79-124B-4129-8BEC-DCF65CCB3900}.Release|Any CPU.Build.0 = Release|Any CPU
		{2FE0FB79-124B-4129-8BEC-DCF65CCB3900}.Release|ARM.ActiveCfg = Release|ARM
		{2FE0FB79-124B-4129-8BEC-DCF65CCB3900}.Release|ARM.Build.0 = Release|ARM
		{2FE0FB79-124B-4129-8BEC-DCF65CCB3900}.Release|ARM64.ActiveCfg = Release|ARM64
		{2FE0FB79-124B-4129-8BEC-DCF65CCB3900}.Release|ARM64.Build.0 = Release|ARM64
		{2FE0FB79-124B-4129-8BEC-DCF65CCB3900}.Release|x64.ActiveCfg = Release|x64
		{2FE0FB79-124B-4129-8BEC-DCF65CCB3900}.Release|x64.Build.0 = Release|x64
		{2FE0FB79-124B-4129-8BEC-DCF65CCB3900}.Release|x86.ActiveCfg = Release|x86
		{2FE0FB79-124B-4129-8BEC-DCF65CCB3900}.Release|x86.Build.0 = Release|x86
	EndGlobalSection
	GlobalSection(SolutionProperties) = preSolution
		HideSolutionNode = FALSE
	EndGlobalSection
	GlobalSection(ExtensibilityGlobals) = postSolution
		SolutionGuid = {EA9A476D-072E-4529-B9E1-205E61E193B0}
	EndGlobalSection
EndGlobal
